// !$*UTF8*$!
{
	archiveVersion = 1;
	classes = {
	};
	objectVersion = 46;
	objects = {

/* Begin PBXBuildFile section */
		7EA8BB621C270CBE00E4110B /* AppDelegate.swift in Sources */ = {isa = PBXBuildFile; fileRef = 7EA8BB611C270CBE00E4110B /* AppDelegate.swift */; };
		7EA8BB641C270CBE00E4110B /* FeedViewController.swift in Sources */ = {isa = PBXBuildFile; fileRef = 7EA8BB631C270CBE00E4110B /* FeedViewController.swift */; };
		7EA8BB661C270CBE00E4110B /* StarredViewController.swift in Sources */ = {isa = PBXBuildFile; fileRef = 7EA8BB651C270CBE00E4110B /* StarredViewController.swift */; };
		7EA8BB691C270CBE00E4110B /* Main.storyboard in Resources */ = {isa = PBXBuildFile; fileRef = 7EA8BB671C270CBE00E4110B /* Main.storyboard */; };
		7EA8BB6B1C270CBE00E4110B /* Assets.xcassets in Resources */ = {isa = PBXBuildFile; fileRef = 7EA8BB6A1C270CBE00E4110B /* Assets.xcassets */; };
		7EA8BB6E1C270CBE00E4110B /* LaunchScreen.storyboard in Resources */ = {isa = PBXBuildFile; fileRef = 7EA8BB6C1C270CBE00E4110B /* LaunchScreen.storyboard */; };
		7EA8BB761C27131700E4110B /* SettingsViewController.swift in Sources */ = {isa = PBXBuildFile; fileRef = 7EA8BB751C27131700E4110B /* SettingsViewController.swift */; };
		7EA8BB781C2724EC00E4110B /* RecentViewController.swift in Sources */ = {isa = PBXBuildFile; fileRef = 7EA8BB771C2724EC00E4110B /* RecentViewController.swift */; };
		7EA8BB821C27718A00E4110B /* Lobster 1.4.otf in Resources */ = {isa = PBXBuildFile; fileRef = 7EA8BB811C27718A00E4110B /* Lobster 1.4.otf */; };
		7EA8BB841C2779AB00E4110B /* SwiftyJSON.swift in Sources */ = {isa = PBXBuildFile; fileRef = 7EA8BB831C2779AB00E4110B /* SwiftyJSON.swift */; };
		7EA8BB861C277B6200E4110B /* PremeFeedAPI.swift in Sources */ = {isa = PBXBuildFile; fileRef = 7EA8BB851C277B6200E4110B /* PremeFeedAPI.swift */; };
		7EA8BB8B1C28F2DF00E4110B /* ProductViewController.swift in Sources */ = {isa = PBXBuildFile; fileRef = 7EA8BB8A1C28F2DF00E4110B /* ProductViewController.swift */; };
		7EA8BB911C29C3DD00E4110B /* SupremeItemCollectionViewCell.swift in Sources */ = {isa = PBXBuildFile; fileRef = 7EA8BB901C29C3DD00E4110B /* SupremeItemCollectionViewCell.swift */; };
		7EA8BB9B1C2C953A00E4110B /* PremeFeed_iOSUITests.swift in Sources */ = {isa = PBXBuildFile; fileRef = 7EA8BB9A1C2C953A00E4110B /* PremeFeed_iOSUITests.swift */; };
/* End PBXBuildFile section */

/* Begin PBXContainerItemProxy section */
		7EA8BB9D1C2C953A00E4110B /* PBXContainerItemProxy */ = {
			isa = PBXContainerItemProxy;
			containerPortal = 7EA8BB561C270CBE00E4110B /* Project object */;
			proxyType = 1;
			remoteGlobalIDString = 7EA8BB5D1C270CBE00E4110B;
			remoteInfo = "PremeFeed-iOS";
		};
/* End PBXContainerItemProxy section */

/* Begin PBXFileReference section */
		7EA8BB5E1C270CBE00E4110B /* PremeFeed-iOS.app */ = {isa = PBXFileReference; explicitFileType = wrapper.application; includeInIndex = 0; path = "PremeFeed-iOS.app"; sourceTree = BUILT_PRODUCTS_DIR; };
		7EA8BB611C270CBE00E4110B /* AppDelegate.swift */ = {isa = PBXFileReference; lastKnownFileType = sourcecode.swift; path = AppDelegate.swift; sourceTree = "<group>"; };
		7EA8BB631C270CBE00E4110B /* FeedViewController.swift */ = {isa = PBXFileReference; lastKnownFileType = sourcecode.swift; path = FeedViewController.swift; sourceTree = "<group>"; };
		7EA8BB651C270CBE00E4110B /* StarredViewController.swift */ = {isa = PBXFileReference; lastKnownFileType = sourcecode.swift; path = StarredViewController.swift; sourceTree = "<group>"; };
		7EA8BB681C270CBE00E4110B /* Base */ = {isa = PBXFileReference; lastKnownFileType = file.storyboard; name = Base; path = Base.lproj/Main.storyboard; sourceTree = "<group>"; };
		7EA8BB6A1C270CBE00E4110B /* Assets.xcassets */ = {isa = PBXFileReference; lastKnownFileType = folder.assetcatalog; path = Assets.xcassets; sourceTree = "<group>"; };
		7EA8BB6D1C270CBE00E4110B /* Base */ = {isa = PBXFileReference; lastKnownFileType = file.storyboard; name = Base; path = Base.lproj/LaunchScreen.storyboard; sourceTree = "<group>"; };
		7EA8BB6F1C270CBE00E4110B /* Info.plist */ = {isa = PBXFileReference; lastKnownFileType = text.plist.xml; path = Info.plist; sourceTree = "<group>"; };
		7EA8BB751C27131700E4110B /* SettingsViewController.swift */ = {isa = PBXFileReference; fileEncoding = 4; lastKnownFileType = sourcecode.swift; path = SettingsViewController.swift; sourceTree = "<group>"; };
		7EA8BB771C2724EC00E4110B /* RecentViewController.swift */ = {isa = PBXFileReference; fileEncoding = 4; lastKnownFileType = sourcecode.swift; path = RecentViewController.swift; sourceTree = "<group>"; };
		7EA8BB811C27718A00E4110B /* Lobster 1.4.otf */ = {isa = PBXFileReference; lastKnownFileType = file; path = "Lobster 1.4.otf"; sourceTree = "<group>"; };
		7EA8BB831C2779AB00E4110B /* SwiftyJSON.swift */ = {isa = PBXFileReference; fileEncoding = 4; lastKnownFileType = sourcecode.swift; path = SwiftyJSON.swift; sourceTree = "<group>"; };
		7EA8BB851C277B6200E4110B /* PremeFeedAPI.swift */ = {isa = PBXFileReference; fileEncoding = 4; lastKnownFileType = sourcecode.swift; path = PremeFeedAPI.swift; sourceTree = "<group>"; };
		7EA8BB8A1C28F2DF00E4110B /* ProductViewController.swift */ = {isa = PBXFileReference; fileEncoding = 4; lastKnownFileType = sourcecode.swift; path = ProductViewController.swift; sourceTree = "<group>"; };
		7EA8BB901C29C3DD00E4110B /* SupremeItemCollectionViewCell.swift */ = {isa = PBXFileReference; fileEncoding = 4; lastKnownFileType = sourcecode.swift; path = SupremeItemCollectionViewCell.swift; sourceTree = "<group>"; };
		7EA8BB921C2A2F3000E4110B /* README.md */ = {isa = PBXFileReference; fileEncoding = 4; lastKnownFileType = net.daringfireball.markdown; path = README.md; sourceTree = SOURCE_ROOT; };
		7EA8BB981C2C953900E4110B /* PremeFeed-iOSUITests.xctest */ = {isa = PBXFileReference; explicitFileType = wrapper.cfbundle; includeInIndex = 0; path = "PremeFeed-iOSUITests.xctest"; sourceTree = BUILT_PRODUCTS_DIR; };
		7EA8BB9A1C2C953A00E4110B /* PremeFeed_iOSUITests.swift */ = {isa = PBXFileReference; lastKnownFileType = sourcecode.swift; path = PremeFeed_iOSUITests.swift; sourceTree = "<group>"; };
		7EA8BB9C1C2C953A00E4110B /* Info.plist */ = {isa = PBXFileReference; lastKnownFileType = text.plist.xml; path = Info.plist; sourceTree = "<group>"; };
/* End PBXFileReference section */

/* Begin PBXFrameworksBuildPhase section */
		7EA8BB5B1C270CBE00E4110B /* Frameworks */ = {
			isa = PBXFrameworksBuildPhase;
			buildActionMask = 2147483647;
			files = (
			);
			runOnlyForDeploymentPostprocessing = 0;
		};
		7EA8BB951C2C953900E4110B /* Frameworks */ = {
			isa = PBXFrameworksBuildPhase;
			buildActionMask = 2147483647;
			files = (
			);
			runOnlyForDeploymentPostprocessing = 0;
		};
/* End PBXFrameworksBuildPhase section */

/* Begin PBXGroup section */
		7EA8BB551C270CBE00E4110B = {
			isa = PBXGroup;
			children = (
				7EA8BB601C270CBE00E4110B /* PremeFeed-iOS */,
				7EA8BB991C2C953A00E4110B /* PremeFeed-iOSUITests */,
				7EA8BB5F1C270CBE00E4110B /* Products */,
			);
			sourceTree = "<group>";
		};
		7EA8BB5F1C270CBE00E4110B /* Products */ = {
			isa = PBXGroup;
			children = (
				7EA8BB5E1C270CBE00E4110B /* PremeFeed-iOS.app */,
				7EA8BB981C2C953900E4110B /* PremeFeed-iOSUITests.xctest */,
			);
			name = Products;
			sourceTree = "<group>";
		};
		7EA8BB601C270CBE00E4110B /* PremeFeed-iOS */ = {
			isa = PBXGroup;
			children = (
				7EA8BB611C270CBE00E4110B /* AppDelegate.swift */,
				7EA8BB901C29C3DD00E4110B /* SupremeItemCollectionViewCell.swift */,
				7EA8BB881C277B8900E4110B /* Controllers */,
				7EA8BB871C277B7D00E4110B /* Views */,
				7EA8BB891C277B9D00E4110B /* Lib */,
				7EA8BB6A1C270CBE00E4110B /* Assets.xcassets */,
				7EA8BB7A1C27542E00E4110B /* Supporting Files */,
			);
			path = "PremeFeed-iOS";
			sourceTree = "<group>";
		};
		7EA8BB7A1C27542E00E4110B /* Supporting Files */ = {
			isa = PBXGroup;
			children = (
				7EA8BB921C2A2F3000E4110B /* README.md */,
				7EA8BB811C27718A00E4110B /* Lobster 1.4.otf */,
				7EA8BB6F1C270CBE00E4110B /* Info.plist */,
			);
			name = "Supporting Files";
			sourceTree = "<group>";
		};
		7EA8BB871C277B7D00E4110B /* Views */ = {
			isa = PBXGroup;
			children = (
				7EA8BB671C270CBE00E4110B /* Main.storyboard */,
				7EA8BB6C1C270CBE00E4110B /* LaunchScreen.storyboard */,
			);
			name = Views;
			sourceTree = "<group>";
		};
		7EA8BB881C277B8900E4110B /* Controllers */ = {
			isa = PBXGroup;
			children = (
				7EA8BB631C270CBE00E4110B /* FeedViewController.swift */,
				7EA8BB651C270CBE00E4110B /* StarredViewController.swift */,
				7EA8BB771C2724EC00E4110B /* RecentViewController.swift */,
				7EA8BB751C27131700E4110B /* SettingsViewController.swift */,
				7EA8BB8A1C28F2DF00E4110B /* ProductViewController.swift */,
			);
			name = Controllers;
			sourceTree = "<group>";
		};
		7EA8BB891C277B9D00E4110B /* Lib */ = {
			isa = PBXGroup;
			children = (
				7EA8BB851C277B6200E4110B /* PremeFeedAPI.swift */,
				7EA8BB831C2779AB00E4110B /* SwiftyJSON.swift */,
			);
			name = Lib;
			sourceTree = "<group>";
		};
		7EA8BB991C2C953A00E4110B /* PremeFeed-iOSUITests */ = {
			isa = PBXGroup;
			children = (
				7EA8BB9A1C2C953A00E4110B /* PremeFeed_iOSUITests.swift */,
				7EA8BB9C1C2C953A00E4110B /* Info.plist */,
			);
			path = "PremeFeed-iOSUITests";
			sourceTree = "<group>";
		};
/* End PBXGroup section */

/* Begin PBXNativeTarget section */
		7EA8BB5D1C270CBE00E4110B /* PremeFeed-iOS */ = {
			isa = PBXNativeTarget;
			buildConfigurationList = 7EA8BB721C270CBE00E4110B /* Build configuration list for PBXNativeTarget "PremeFeed-iOS" */;
			buildPhases = (
				7EA8BB5A1C270CBE00E4110B /* Sources */,
				7EA8BB5B1C270CBE00E4110B /* Frameworks */,
				7EA8BB5C1C270CBE00E4110B /* Resources */,
			);
			buildRules = (
			);
			dependencies = (
			);
			name = "PremeFeed-iOS";
			productName = "PremeFeed-iOS";
			productReference = 7EA8BB5E1C270CBE00E4110B /* PremeFeed-iOS.app */;
			productType = "com.apple.product-type.application";
		};
		7EA8BB971C2C953900E4110B /* PremeFeed-iOSUITests */ = {
			isa = PBXNativeTarget;
			buildConfigurationList = 7EA8BB9F1C2C953A00E4110B /* Build configuration list for PBXNativeTarget "PremeFeed-iOSUITests" */;
			buildPhases = (
				7EA8BB941C2C953900E4110B /* Sources */,
				7EA8BB951C2C953900E4110B /* Frameworks */,
				7EA8BB961C2C953900E4110B /* Resources */,
			);
			buildRules = (
			);
			dependencies = (
				7EA8BB9E1C2C953A00E4110B /* PBXTargetDependency */,
			);
			name = "PremeFeed-iOSUITests";
			productName = "PremeFeed-iOSUITests";
			productReference = 7EA8BB981C2C953900E4110B /* PremeFeed-iOSUITests.xctest */;
			productType = "com.apple.product-type.bundle.ui-testing";
		};
/* End PBXNativeTarget section */

/* Begin PBXProject section */
		7EA8BB561C270CBE00E4110B /* Project object */ = {
			isa = PBXProject;
			attributes = {
				LastSwiftUpdateCheck = 0720;
				LastUpgradeCheck = 0720;
				ORGANIZATIONNAME = Cryptoc1;
				TargetAttributes = {
					7EA8BB5D1C270CBE00E4110B = {
						CreatedOnToolsVersion = 7.2;
						DevelopmentTeam = ZP5CFTPEUJ;
					};
					7EA8BB971C2C953900E4110B = {
						CreatedOnToolsVersion = 7.2;
						DevelopmentTeam = ZP5CFTPEUJ;
						TestTargetID = 7EA8BB5D1C270CBE00E4110B;
					};
				};
			};
			buildConfigurationList = 7EA8BB591C270CBE00E4110B /* Build configuration list for PBXProject "PremeFeed-iOS" */;
			compatibilityVersion = "Xcode 3.2";
			developmentRegion = English;
			hasScannedForEncodings = 0;
			knownRegions = (
				en,
				Base,
			);
			mainGroup = 7EA8BB551C270CBE00E4110B;
			productRefGroup = 7EA8BB5F1C270CBE00E4110B /* Products */;
			projectDirPath = "";
			projectRoot = "";
			targets = (
				7EA8BB5D1C270CBE00E4110B /* PremeFeed-iOS */,
				7EA8BB971C2C953900E4110B /* PremeFeed-iOSUITests */,
			);
		};
/* End PBXProject section */

/* Begin PBXResourcesBuildPhase section */
		7EA8BB5C1C270CBE00E4110B /* Resources */ = {
			isa = PBXResourcesBuildPhase;
			buildActionMask = 2147483647;
			files = (
				7EA8BB821C27718A00E4110B /* Lobster 1.4.otf in Resources */,
				7EA8BB6E1C270CBE00E4110B /* LaunchScreen.storyboard in Resources */,
				7EA8BB6B1C270CBE00E4110B /* Assets.xcassets in Resources */,
				7EA8BB691C270CBE00E4110B /* Main.storyboard in Resources */,
			);
			runOnlyForDeploymentPostprocessing = 0;
		};
		7EA8BB961C2C953900E4110B /* Resources */ = {
			isa = PBXResourcesBuildPhase;
			buildActionMask = 2147483647;
			files = (
			);
			runOnlyForDeploymentPostprocessing = 0;
		};
/* End PBXResourcesBuildPhase section */

/* Begin PBXSourcesBuildPhase section */
		7EA8BB5A1C270CBE00E4110B /* Sources */ = {
			isa = PBXSourcesBuildPhase;
			buildActionMask = 2147483647;
			files = (
				7EA8BB861C277B6200E4110B /* PremeFeedAPI.swift in Sources */,
				7EA8BB661C270CBE00E4110B /* StarredViewController.swift in Sources */,
				7EA8BB781C2724EC00E4110B /* RecentViewController.swift in Sources */,
				7EA8BB621C270CBE00E4110B /* AppDelegate.swift in Sources */,
				7EA8BB911C29C3DD00E4110B /* SupremeItemCollectionViewCell.swift in Sources */,
				7EA8BB841C2779AB00E4110B /* SwiftyJSON.swift in Sources */,
				7EA8BB641C270CBE00E4110B /* FeedViewController.swift in Sources */,
				7EA8BB8B1C28F2DF00E4110B /* ProductViewController.swift in Sources */,
				7EA8BB761C27131700E4110B /* SettingsViewController.swift in Sources */,
			);
			runOnlyForDeploymentPostprocessing = 0;
		};
		7EA8BB941C2C953900E4110B /* Sources */ = {
			isa = PBXSourcesBuildPhase;
			buildActionMask = 2147483647;
			files = (
				7EA8BB9B1C2C953A00E4110B /* PremeFeed_iOSUITests.swift in Sources */,
			);
			runOnlyForDeploymentPostprocessing = 0;
		};
/* End PBXSourcesBuildPhase section */

/* Begin PBXTargetDependency section */
		7EA8BB9E1C2C953A00E4110B /* PBXTargetDependency */ = {
			isa = PBXTargetDependency;
			target = 7EA8BB5D1C270CBE00E4110B /* PremeFeed-iOS */;
			targetProxy = 7EA8BB9D1C2C953A00E4110B /* PBXContainerItemProxy */;
		};
/* End PBXTargetDependency section */

/* Begin PBXVariantGroup section */
		7EA8BB671C270CBE00E4110B /* Main.storyboard */ = {
			isa = PBXVariantGroup;
			children = (
				7EA8BB681C270CBE00E4110B /* Base */,
			);
			name = Main.storyboard;
			sourceTree = "<group>";
		};
		7EA8BB6C1C270CBE00E4110B /* LaunchScreen.storyboard */ = {
			isa = PBXVariantGroup;
			children = (
				7EA8BB6D1C270CBE00E4110B /* Base */,
			);
			name = LaunchScreen.storyboard;
			sourceTree = "<group>";
		};
/* End PBXVariantGroup section */

/* Begin XCBuildConfiguration section */
		7EA8BB701C270CBE00E4110B /* Debug */ = {
			isa = XCBuildConfiguration;
			buildSettings = {
				ALWAYS_SEARCH_USER_PATHS = NO;
				CLANG_CXX_LANGUAGE_STANDARD = "gnu++0x";
				CLANG_CXX_LIBRARY = "libc++";
				CLANG_ENABLE_MODULES = YES;
				CLANG_ENABLE_OBJC_ARC = YES;
				CLANG_WARN_BOOL_CONVERSION = YES;
				CLANG_WARN_CONSTANT_CONVERSION = YES;
				CLANG_WARN_DIRECT_OBJC_ISA_USAGE = YES_ERROR;
				CLANG_WARN_EMPTY_BODY = YES;
				CLANG_WARN_ENUM_CONVERSION = YES;
				CLANG_WARN_INT_CONVERSION = YES;
				CLANG_WARN_OBJC_ROOT_CLASS = YES_ERROR;
				CLANG_WARN_UNREACHABLE_CODE = YES;
				CLANG_WARN__DUPLICATE_METHOD_MATCH = YES;
				"CODE_SIGN_IDENTITY[sdk=iphoneos*]" = "iPhone Developer";
				COPY_PHASE_STRIP = NO;
				DEBUG_INFORMATION_FORMAT = dwarf;
				ENABLE_STRICT_OBJC_MSGSEND = YES;
				ENABLE_TESTABILITY = YES;
				GCC_C_LANGUAGE_STANDARD = gnu99;
				GCC_DYNAMIC_NO_PIC = NO;
				GCC_NO_COMMON_BLOCKS = YES;
				GCC_OPTIMIZATION_LEVEL = 0;
				GCC_PREPROCESSOR_DEFINITIONS = (
					"DEBUG=1",
					"$(inherited)",
				);
				GCC_WARN_64_TO_32_BIT_CONVERSION = YES;
				GCC_WARN_ABOUT_RETURN_TYPE = YES_ERROR;
				GCC_WARN_UNDECLARED_SELECTOR = YES;
				GCC_WARN_UNINITIALIZED_AUTOS = YES_AGGRESSIVE;
				GCC_WARN_UNUSED_FUNCTION = YES;
				GCC_WARN_UNUSED_VARIABLE = YES;
				IPHONEOS_DEPLOYMENT_TARGET = 9.2;
				MTL_ENABLE_DEBUG_INFO = YES;
				ONLY_ACTIVE_ARCH = YES;
				SDKROOT = iphoneos;
				SWIFT_OPTIMIZATION_LEVEL = "-Onone";
			};
			name = Debug;
		};
		7EA8BB711C270CBE00E4110B /* Release */ = {
			isa = XCBuildConfiguration;
			buildSettings = {
				ALWAYS_SEARCH_USER_PATHS = NO;
				CLANG_CXX_LANGUAGE_STANDARD = "gnu++0x";
				CLANG_CXX_LIBRARY = "libc++";
				CLANG_ENABLE_MODULES = YES;
				CLANG_ENABLE_OBJC_ARC = YES;
				CLANG_WARN_BOOL_CONVERSION = YES;
				CLANG_WARN_CONSTANT_CONVERSION = YES;
				CLANG_WARN_DIRECT_OBJC_ISA_USAGE = YES_ERROR;
				CLANG_WARN_EMPTY_BODY = YES;
				CLANG_WARN_ENUM_CONVERSION = YES;
				CLANG_WARN_INT_CONVERSION = YES;
				CLANG_WARN_OBJC_ROOT_CLASS = YES_ERROR;
				CLANG_WARN_UNREACHABLE_CODE = YES;
				CLANG_WARN__DUPLICATE_METHOD_MATCH = YES;
				"CODE_SIGN_IDENTITY[sdk=iphoneos*]" = "iPhone Developer";
				COPY_PHASE_STRIP = NO;
				DEBUG_INFORMATION_FORMAT = "dwarf-with-dsym";
				ENABLE_NS_ASSERTIONS = NO;
				ENABLE_STRICT_OBJC_MSGSEND = YES;
				GCC_C_LANGUAGE_STANDARD = gnu99;
				GCC_NO_COMMON_BLOCKS = YES;
				GCC_WARN_64_TO_32_BIT_CONVERSION = YES;
				GCC_WARN_ABOUT_RETURN_TYPE = YES_ERROR;
				GCC_WARN_UNDECLARED_SELECTOR = YES;
				GCC_WARN_UNINITIALIZED_AUTOS = YES_AGGRESSIVE;
				GCC_WARN_UNUSED_FUNCTION = YES;
				GCC_WARN_UNUSED_VARIABLE = YES;
				IPHONEOS_DEPLOYMENT_TARGET = 9.2;
				MTL_ENABLE_DEBUG_INFO = NO;
				SDKROOT = iphoneos;
				VALIDATE_PRODUCT = YES;
			};
			name = Release;
		};
		7EA8BB731C270CBE00E4110B /* Debug */ = {
			isa = XCBuildConfiguration;
			buildSettings = {
				ASSETCATALOG_COMPILER_APPICON_NAME = AppIcon;
				INFOPLIST_FILE = "PremeFeed-iOS/Info.plist";
				LD_RUNPATH_SEARCH_PATHS = "$(inherited) @executable_path/Frameworks";
				PRODUCT_BUNDLE_IDENTIFIER = "io.github.premefeed.PremeFeed-iOS";
				PRODUCT_NAME = "$(TARGET_NAME)";
			};
			name = Debug;
		};
		7EA8BB741C270CBE00E4110B /* Release */ = {
			isa = XCBuildConfiguration;
			buildSettings = {
				ASSETCATALOG_COMPILER_APPICON_NAME = AppIcon;
				INFOPLIST_FILE = "PremeFeed-iOS/Info.plist";
				LD_RUNPATH_SEARCH_PATHS = "$(inherited) @executable_path/Frameworks";
				PRODUCT_BUNDLE_IDENTIFIER = "io.github.premefeed.PremeFeed-iOS";
				PRODUCT_NAME = "$(TARGET_NAME)";
			};
			name = Release;
		};
		7EA8BBA01C2C953A00E4110B /* Debug */ = {
			isa = XCBuildConfiguration;
			buildSettings = {
				INFOPLIST_FILE = "PremeFeed-iOSUITests/Info.plist";
				LD_RUNPATH_SEARCH_PATHS = "$(inherited) @executable_path/Frameworks @loader_path/Frameworks";
				PRODUCT_BUNDLE_IDENTIFIER = "io.github.premefeed.PremeFeed-iOSUITests";
				PRODUCT_NAME = "$(TARGET_NAME)";
				TEST_TARGET_NAME = "PremeFeed-iOS";
				USES_XCTRUNNER = YES;
			};
			name = Debug;
		};
		7EA8BBA11C2C953A00E4110B /* Release */ = {
			isa = XCBuildConfiguration;
			buildSettings = {
				INFOPLIST_FILE = "PremeFeed-iOSUITests/Info.plist";
				LD_RUNPATH_SEARCH_PATHS = "$(inherited) @executable_path/Frameworks @loader_path/Frameworks";
				PRODUCT_BUNDLE_IDENTIFIER = "io.github.premefeed.PremeFeed-iOSUITests";
				PRODUCT_NAME = "$(TARGET_NAME)";
				TEST_TARGET_NAME = "PremeFeed-iOS";
				USES_XCTRUNNER = YES;
			};
			name = Release;
		};
/* End XCBuildConfiguration section */

/* Begin XCConfigurationList section */
		7EA8BB591C270CBE00E4110B /* Build configuration list for PBXProject "PremeFeed-iOS" */ = {
			isa = XCConfigurationList;
			buildConfigurations = (
				7EA8BB701C270CBE00E4110B /* Debug */,
				7EA8BB711C270CBE00E4110B /* Release */,
			);
			defaultConfigurationIsVisible = 0;
			defaultConfigurationName = Release;
		};
		7EA8BB721C270CBE00E4110B /* Build configuration list for PBXNativeTarget "PremeFeed-iOS" */ = {
			isa = XCConfigurationList;
			buildConfigurations = (
				7EA8BB731C270CBE00E4110B /* Debug */,
				7EA8BB741C270CBE00E4110B /* Release */,
			);
			defaultConfigurationIsVisible = 0;
			defaultConfigurationName = Release;
		};
		7EA8BB9F1C2C953A00E4110B /* Build configuration list for PBXNativeTarget "PremeFeed-iOSUITests" */ = {
			isa = XCConfigurationList;
			buildConfigurations = (
				7EA8BBA01C2C953A00E4110B /* Debug */,
				7EA8BBA11C2C953A00E4110B /* Release */,
			);
			defaultConfigurationIsVisible = 0;
		};
/* End XCConfigurationList section */
	};
	rootObject = 7EA8BB561C270CBE00E4110B /* Project object */;
}
